{
  "lockfileVersion": 1,
  "configVersion": 1,
  "workspaces": {
    "": {
      "name": "obsidian-mcp-server",
      "dependencies": {
        "effect": "^4.0.0-beta.43",
        "effect-oxlint": "^0.1.0",
      },
      "devDependencies": {
        "@effect/language-service": "^0.84.3",
        "@effect/tsgo": "0.2.1",
        "@types/bun": "latest",
        "@typescript/native-preview": "latest",
        "dprint": "^0.53.2",
        "lefthook": "^2.1.4",
        "oxlint": "^1.58.0",
      },
      "peerDependencies": {
        "typescript": "^5",
      },
    },
  },
  "packages": {
    "@dprint/darwin-arm64": ["@dprint/darwin-arm64@0.53.2", "", { "os": "darwin", "cpu": "arm64" }, "sha512-ecKRF+mFE59layJPpX5AnYN7a9XNovX3f5QlPSdr+BmweoarOV2ieODyJklD5Tob9WiMv8jQyXYak5QH7fxByg=="],

    "@dprint/darwin-x64": ["@dprint/darwin-x64@0.53.2", "", { "os": "darwin", "cpu": "x64" }, "sha512-sHe7bsPU9BXnBPovjsq+98S1g64W7ZhyfGKMSVMTwP1BCL+IqOltfd5p7xTvAaRkL8cwRzqPYlj+kmCf24Qydw=="],

    "@dprint/linux-arm64-glibc": ["@dprint/linux-arm64-glibc@0.53.2", "", { "os": "linux", "cpu": "arm64" }, "sha512-K0aj5bLtPlSsTDAtLwEjwDGPIVpc8lgmvpLzf6IdASJn1kMkowPoZSCNUvmUUJTTmANscMugLsi9XGVbBzkE6Q=="],

    "@dprint/linux-arm64-musl": ["@dprint/linux-arm64-musl@0.53.2", "", { "os": "linux", "cpu": "arm64" }, "sha512-209yb6BGMiohPuB12wgnodULEs3JC1epLaHyN5s2XpDU7rWi6WqWkzeSuuN2TTAbDz4Z51tqe5KJSRsF0yi+Dg=="],

    "@dprint/linux-loong64-glibc": ["@dprint/linux-loong64-glibc@0.53.2", "", { "os": "linux", "cpu": "none" }, "sha512-IngXJ6c7n/DYd2j1CssLHqxtGILMv0BEQZplx8kIYedGyVbzLSxJu7XpqgThnCuLQjh4elfRkT67Q8g7l//m0Q=="],

    "@dprint/linux-loong64-musl": ["@dprint/linux-loong64-musl@0.53.2", "", { "os": "linux", "cpu": "none" }, "sha512-ExtcNOjSbXgpoWw5efAO00xYTOlEsEyz58v/HPJzEV5tfn9J7vozSVxTdXLDkTgg+USEQLaZ9qTnXxc1kbraiQ=="],

    "@dprint/linux-riscv64-glibc": ["@dprint/linux-riscv64-glibc@0.53.2", "", { "os": "linux", "cpu": "none" }, "sha512-2UTqXMkIhyK7rYdpBY7tE3x1R36msWjX3lU3MdYM9HauldnsHJx2EhZofIYzHBICH8eziw/W7aY8HWo4oLdJ/A=="],

    "@dprint/linux-x64-glibc": ["@dprint/linux-x64-glibc@0.53.2", "", { "os": "linux", "cpu": "x64" }, "sha512-hO4O7d20IALUCFbFG2H7kvP5Di3/G8fqrMXzX9Fdps4ccM4Kg3Cr9LZ/G+mif4Q9WwwUnkOJ0oXBxeqJ8S65ng=="],

    "@dprint/linux-x64-musl": ["@dprint/linux-x64-musl@0.53.2", "", { "os": "linux", "cpu": "x64" }, "sha512-XHqYE5nFz1s5Z2J1E9j8JYHE4ISp5KCfaYT7fs4lW14G2B8U/CtutUGWzvP5aYRGfLc6CYGrWgKAQppn846vUQ=="],

    "@dprint/win32-arm64": ["@dprint/win32-arm64@0.53.2", "", { "os": "win32", "cpu": "arm64" }, "sha512-Z8N2iwhFN91wK0SlR+oGHGF8rrwOw7BiZTAKwR8E7Fr2lKSTsjbRv3Nr1znk2pHkmRyZ1/6PwzTiVF5sSZcIXQ=="],

    "@dprint/win32-x64": ["@dprint/win32-x64@0.53.2", "", { "os": "win32", "cpu": "x64" }, "sha512-xdOOm4ZG9pqKdnVvgFMp8/c9Ylkt2LcTFqjmxF1CoCZNNYGMUrH60YQl/M9R9wJXSSQOv6K+7Ub+hOWcIlxIjw=="],

    "@effect/language-service": ["@effect/language-service@0.84.3", "", { "bin": { "effect-language-service": "cli.js" } }, "sha512-zpxi6rLCwst/cBQd7ElwDvt36Y6Jvz8v6bCLnNiOL6OXvdLmqjOFWyzWZdMh92vvBQA/aVKhfIAAOP3o4wKt0A=="],

    "@effect/tsgo": ["@effect/tsgo@0.2.1", "", { "optionalDependencies": { "@effect/tsgo-darwin-arm64": "0.2.1", "@effect/tsgo-darwin-x64": "0.2.1", "@effect/tsgo-linux-arm": "0.2.1", "@effect/tsgo-linux-arm64": "0.2.1", "@effect/tsgo-linux-x64": "0.2.1", "@effect/tsgo-win32-arm64": "0.2.1", "@effect/tsgo-win32-x64": "0.2.1" }, "bin": { "effect-tsgo": "dist/effect-tsgo.js" } }, "sha512-TvVcTT/L8b4jLsewpTcD7FLg+dio1NQE+A6fbG5Q6xTBu6uAsWOOuFGX4c3CfBnxtMrtKKQoC1E2KI0v6uV3vQ=="],

    "@effect/tsgo-darwin-arm64": ["@effect/tsgo-darwin-arm64@0.2.1", "", { "os": "darwin", "cpu": "arm64" }, "sha512-pSoPHmHmVCwsKvT5AcPQmh0sYBvjNi7kjD7RXzlooBY3iL3G+N7a6Y/C6kEWR0BvhVXKq2wy7aDnBxd/JdZZhw=="],

    "@effect/tsgo-darwin-x64": ["@effect/tsgo-darwin-x64@0.2.1", "", { "os": "darwin", "cpu": "x64" }, "sha512-vAee7neAE0tLduRnIQErpCr0YdgbKs/uid6TIbj3Y8W1XbuaPJSHmqS/PlbVGTBc5xOzPw09RpQ+J11WWDwPQg=="],

    "@effect/tsgo-linux-arm": ["@effect/tsgo-linux-arm@0.2.1", "", { "os": "linux", "cpu": "arm" }, "sha512-X7eD9Fl3E9kn0u+tLJFEpHb42o014VYa/xbEWeIWz9kygBZMVcQlodK5/Vq/VocBA/HGV1cqM40et3nO8jOuFQ=="],

    "@effect/tsgo-linux-arm64": ["@effect/tsgo-linux-arm64@0.2.1", "", { "os": "linux", "cpu": "arm64" }, "sha512-hQzpv/C4oP0gmTH+nslwL3IXps4cjBYYu8jSorMAzot2W3KNDjRvTk1CNHbcZr6umHA+aMcAnvGNIgpGVkWmYw=="],

    "@effect/tsgo-linux-x64": ["@effect/tsgo-linux-x64@0.2.1", "", { "os": "linux", "cpu": "x64" }, "sha512-RriY3q1UOE6YwizD0h3K8+VzrwH4UOF2e2GmuXXnjwUHK0TAQZ0LktkOjfG5DFSOUFfFhBXwZpGDlIs72NqKpw=="],

    "@effect/tsgo-win32-arm64": ["@effect/tsgo-win32-arm64@0.2.1", "", { "os": "win32", "cpu": "arm64" }, "sha512-/WooEK2unvzQFzkP+tiIaUZ6Ri6Iq2gOaXj95ipl3QzhPyZhRi64XHtWTnA0sbWIXKaQZq9N78OshDjUQbd8aA=="],

    "@effect/tsgo-win32-x64": ["@effect/tsgo-win32-x64@0.2.1", "", { "os": "win32", "cpu": "x64" }, "sha512-jouqz7FDRAEhSRzf+XQlTNJ0yUVYJhHp4wdskUFa6ekBz2Mfa3OkHRZ/fKrNnXQLqaIQ8PmjzDnxhPzZGDxPrA=="],

    "@msgpackr-extract/msgpackr-extract-darwin-arm64": ["@msgpackr-extract/msgpackr-extract-darwin-arm64@3.0.3", "", { "os": "darwin", "cpu": "arm64" }, "sha512-QZHtlVgbAdy2zAqNA9Gu1UpIuI8Xvsd1v8ic6B2pZmeFnFcMWiPLfWXh7TVw4eGEZ/C9TH281KwhVoeQUKbyjw=="],

    "@msgpackr-extract/msgpackr-extract-darwin-x64": ["@msgpackr-extract/msgpackr-extract-darwin-x64@3.0.3", "", { "os": "darwin", "cpu": "x64" }, "sha512-mdzd3AVzYKuUmiWOQ8GNhl64/IoFGol569zNRdkLReh6LRLHOXxU4U8eq0JwaD8iFHdVGqSy4IjFL4reoWCDFw=="],

    "@msgpackr-extract/msgpackr-extract-linux-arm": ["@msgpackr-extract/msgpackr-extract-linux-arm@3.0.3", "", { "os": "linux", "cpu": "arm" }, "sha512-fg0uy/dG/nZEXfYilKoRe7yALaNmHoYeIoJuJ7KJ+YyU2bvY8vPv27f7UKhGRpY6euFYqEVhxCFZgAUNQBM3nw=="],

    "@msgpackr-extract/msgpackr-extract-linux-arm64": ["@msgpackr-extract/msgpackr-extract-linux-arm64@3.0.3", "", { "os": "linux", "cpu": "arm64" }, "sha512-YxQL+ax0XqBJDZiKimS2XQaf+2wDGVa1enVRGzEvLLVFeqa5kx2bWbtcSXgsxjQB7nRqqIGFIcLteF/sHeVtQg=="],

    "@msgpackr-extract/msgpackr-extract-linux-x64": ["@msgpackr-extract/msgpackr-extract-linux-x64@3.0.3", "", { "os": "linux", "cpu": "x64" }, "sha512-cvwNfbP07pKUfq1uH+S6KJ7dT9K8WOE4ZiAcsrSes+UY55E/0jLYc+vq+DO7jlmqRb5zAggExKm0H7O/CBaesg=="],

    "@msgpackr-extract/msgpackr-extract-win32-x64": ["@msgpackr-extract/msgpackr-extract-win32-x64@3.0.3", "", { "os": "win32", "cpu": "x64" }, "sha512-x0fWaQtYp4E6sktbsdAqnehxDgEc/VwM7uLsRCYWaiGu0ykYdZPiS8zCWdnjHwyiumousxfBm4SO31eXqwEZhQ=="],

    "@oxlint/binding-android-arm-eabi": ["@oxlint/binding-android-arm-eabi@1.58.0", "", { "os": "android", "cpu": "arm" }, "sha512-1T7UN3SsWWxpWyWGn1cT3ASNJOo+pI3eUkmEl7HgtowapcV8kslYpFQcYn431VuxghXakPNlbjRwhqmR37PFOg=="],

    "@oxlint/binding-android-arm64": ["@oxlint/binding-android-arm64@1.58.0", "", { "os": "android", "cpu": "arm64" }, "sha512-GryzujxuiRv2YFF7bRy8mKcxlbuAN+euVUtGJt9KKbLT8JBUIosamVhcthLh+VEr6KE6cjeVMAQxKAzJcoN7dg=="],

    "@oxlint/binding-darwin-arm64": ["@oxlint/binding-darwin-arm64@1.58.0", "", { "os": "darwin", "cpu": "arm64" }, "sha512-7/bRSJIwl4GxeZL9rPZ11anNTyUO9epZrfEJH/ZMla3+/gbQ6xZixh9nOhsZ0QwsTW7/5J2A/fHbD1udC5DQQA=="],

    "@oxlint/binding-darwin-x64": ["@oxlint/binding-darwin-x64@1.58.0", "", { "os": "darwin", "cpu": "x64" }, "sha512-EqdtJSiHweS2vfILNrpyJ6HUwpEq2g7+4Zx1FPi4hu3Hu7tC3znF6ufbXO8Ub2LD4mGgznjI7kSdku9NDD1Mkg=="],

    "@oxlint/binding-freebsd-x64": ["@oxlint/binding-freebsd-x64@1.58.0", "", { "os": "freebsd", "cpu": "x64" }, "sha512-VQt5TH4M42mY20F545G637RKxV/yjwVtKk2vfXuazfReSIiuvWBnv+FVSvIV5fKVTJNjt3GSJibh6JecbhGdBw=="],

    "@oxlint/binding-linux-arm-gnueabihf": ["@oxlint/binding-linux-arm-gnueabihf@1.58.0", "", { "os": "linux", "cpu": "arm" }, "sha512-fBYcj4ucwpAtjJT3oeBdFBYKvNyjRSK+cyuvBOTQjh0jvKp4yeA4S/D0IsCHus/VPaNG5L48qQkh+Vjy3HL2/Q=="],

    "@oxlint/binding-linux-arm-musleabihf": ["@oxlint/binding-linux-arm-musleabihf@1.58.0", "", { "os": "linux", "cpu": "arm" }, "sha512-0BeuFfwlUHlJ1xpEdSD1YO3vByEFGPg36uLjK1JgFaxFb4W6w17F8ET8sz5cheZ4+x5f2xzdnRrrWv83E3Yd8g=="],

    "@oxlint/binding-linux-arm64-gnu": ["@oxlint/binding-linux-arm64-gnu@1.58.0", "", { "os": "linux", "cpu": "arm64" }, "sha512-TXlZgnPTlxrQzxG9ZXU7BNwx1Ilrr17P3GwZY0If2EzrinqRH3zXPc3HrRcBJgcsoZNMuNL5YivtkJYgp467UQ=="],

    "@oxlint/binding-linux-arm64-musl": ["@oxlint/binding-linux-arm64-musl@1.58.0", "", { "os": "linux", "cpu": "arm64" }, "sha512-zSoYRo5dxHLcUx93Stl2hW3hSNjPt99O70eRVWt5A1zwJ+FPjeCCANCD2a9R4JbHsdcl11TIQOjyigcRVOH2mw=="],

    "@oxlint/binding-linux-ppc64-gnu": ["@oxlint/binding-linux-ppc64-gnu@1.58.0", "", { "os": "linux", "cpu": "ppc64" }, "sha512-NQ0U/lqxH2/VxBYeAIvMNUK1y0a1bJ3ZicqkF2c6wfakbEciP9jvIE4yNzCFpZaqeIeRYaV7AVGqEO1yrfVPjA=="],

    "@oxlint/binding-linux-riscv64-gnu": ["@oxlint/binding-linux-riscv64-gnu@1.58.0", "", { "os": "linux", "cpu": "none" }, "sha512-X9J+kr3gIC9FT8GuZt0ekzpNUtkBVzMVU4KiKDSlocyQuEgi3gBbXYN8UkQiV77FTusLDPsovjo95YedHr+3yg=="],

    "@oxlint/binding-linux-riscv64-musl": ["@oxlint/binding-linux-riscv64-musl@1.58.0", "", { "os": "linux", "cpu": "none" }, "sha512-CDze3pi1OO3Wvb/QsXjmLEY4XPKGM6kIo82ssNOgmcl1IdndF9VSGAE38YLhADWmOac7fjqhBw82LozuUVxD0Q=="],

    "@oxlint/binding-linux-s390x-gnu": ["@oxlint/binding-linux-s390x-gnu@1.58.0", "", { "os": "linux", "cpu": "s390x" }, "sha512-b/89glbxFaEAcA6Uf1FvCNecBJEgcUTsV1quzrqXM/o4R1M4u+2KCVuyGCayN2UpsRWtGGLb+Ver0tBBpxaPog=="],

    "@oxlint/binding-linux-x64-gnu": ["@oxlint/binding-linux-x64-gnu@1.58.0", "", { "os": "linux", "cpu": "x64" }, "sha512-0/yYpkq9VJFCEcuRlrViGj8pJUFFvNS4EkEREaN7CB1EcLXJIaVSSa5eCihwBGXtOZxhnblWgxks9juRdNQI7w=="],

    "@oxlint/binding-linux-x64-musl": ["@oxlint/binding-linux-x64-musl@1.58.0", "", { "os": "linux", "cpu": "x64" }, "sha512-hr6FNvmcAXiH+JxSvaJ4SJ1HofkdqEElXICW9sm3/Rd5eC3t7kzvmLyRAB3NngKO2wzXRCAm4Z/mGWfrsS4X8w=="],

    "@oxlint/binding-openharmony-arm64": ["@oxlint/binding-openharmony-arm64@1.58.0", "", { "os": "none", "cpu": "arm64" }, "sha512-R+O368VXgRql1K6Xar+FEo7NEwfo13EibPMoTv3sesYQedRXd6m30Dh/7lZMxnrQVFfeo4EOfYIP4FpcgWQNHg=="],

    "@oxlint/binding-win32-arm64-msvc": ["@oxlint/binding-win32-arm64-msvc@1.58.0", "", { "os": "win32", "cpu": "arm64" }, "sha512-Q0FZiAY/3c4YRj4z3h9K1PgaByrifrfbBoODSeX7gy97UtB7pySPUQfC2B/GbxWU6k7CzQrRy5gME10PltLAFQ=="],

    "@oxlint/binding-win32-ia32-msvc": ["@oxlint/binding-win32-ia32-msvc@1.58.0", "", { "os": "win32", "cpu": "ia32" }, "sha512-Y8FKBABrSPp9H0QkRLHDHOSUgM/309a3IvOVgPcVxYcX70wxJrk608CuTg7w+C6vEd724X5wJoNkBcGYfH7nNQ=="],

    "@oxlint/binding-win32-x64-msvc": ["@oxlint/binding-win32-x64-msvc@1.58.0", "", { "os": "win32", "cpu": "x64" }, "sha512-bCn5rbiz5My+Bj7M09sDcnqW0QJyINRVxdZ65x1/Y2tGrMwherwK/lpk+HRQCKvXa8pcaQdF5KY5j54VGZLwNg=="],

    "@oxlint/plugins": ["@oxlint/plugins@1.58.0", "", {}, "sha512-lW4/uOVf0O9qp/niWS+0dTi45SNsLn2e6J2s9r0gl7Uy19T/kWcMIgZjOE5579WPjStYX58Vjw41H/Yi/6Q8xQ=="],

    "@standard-schema/spec": ["@standard-schema/spec@1.1.0", "", {}, "sha512-l2aFy5jALhniG5HgqrD6jXLi/rUWrKvqN/qJx6yoJsgKhblVd+iqqU4RCXavm/jPityDo5TCvKMnpjKnOriy0w=="],

    "@types/bun": ["@types/bun@1.3.11", "", { "dependencies": { "bun-types": "1.3.11" } }, "sha512-5vPne5QvtpjGpsGYXiFyycfpDF2ECyPcTSsFBMa0fraoxiQyMJ3SmuQIGhzPg2WJuWxVBoxWJ2kClYTcw/4fAg=="],

    "@types/node": ["@types/node@25.5.2", "", { "dependencies": { "undici-types": "~7.18.0" } }, "sha512-tO4ZIRKNC+MDWV4qKVZe3Ql/woTnmHDr5JD8UI5hn2pwBrHEwOEMZK7WlNb5RKB6EoJ02gwmQS9OrjuFnZYdpg=="],

    "@typescript/native-preview": ["@typescript/native-preview@7.0.0-dev.20260405.1", "", { "optionalDependencies": { "@typescript/native-preview-darwin-arm64": "7.0.0-dev.20260405.1", "@typescript/native-preview-darwin-x64": "7.0.0-dev.20260405.1", "@typescript/native-preview-linux-arm": "7.0.0-dev.20260405.1", "@typescript/native-preview-linux-arm64": "7.0.0-dev.20260405.1", "@typescript/native-preview-linux-x64": "7.0.0-dev.20260405.1", "@typescript/native-preview-win32-arm64": "7.0.0-dev.20260405.1", "@typescript/native-preview-win32-x64": "7.0.0-dev.20260405.1" }, "bin": { "tsgo": "bin/tsgo.js" } }, "sha512-xm/9KOHSVXeTBY/zpqAt2TK8oMwobXVadlKmqsMg4Gr46FrSGMPXJEZ5209DlYfLBAa6+8nIJjKQfrtbl+X2OQ=="],

    "@typescript/native-preview-darwin-arm64": ["@typescript/native-preview-darwin-arm64@7.0.0-dev.20260405.1", "", { "os": "darwin", "cpu": "arm64" }, "sha512-EQl2Qwq8WT9yl4RGG/yNmMutMPnASQwXcuN4bdmm1ycq2oFwogf+WBXUVCohjjNWtj1Xzn+J3qAO98LNATBrGw=="],

    "@typescript/native-preview-darwin-x64": ["@typescript/native-preview-darwin-x64@7.0.0-dev.20260405.1", "", { "os": "darwin", "cpu": "x64" }, "sha512-qphWh72S/ozZlCfTSl1yD0AbfYyXoNvPjE2kqIdyUxdkFysHTg/FFH8NH1g9F3cPEwI/zhnOFNm5Yul5EaRoHQ=="],

    "@typescript/native-preview-linux-arm": ["@typescript/native-preview-linux-arm@7.0.0-dev.20260405.1", "", { "os": "linux", "cpu": "arm" }, "sha512-u3bplo4lL4sOLZSRND8lllFbnDSWlY61InGeJUXv9UTfJXxYxMdTGEQKETFV/WeRO4RsiBMvkad/tfhbBPQ8mw=="],

    "@typescript/native-preview-linux-arm64": ["@typescript/native-preview-linux-arm64@7.0.0-dev.20260405.1", "", { "os": "linux", "cpu": "arm64" }, "sha512-mnKMNzYvdbBZ1t3SoNHChat63ckZbEPfxUS/n11UfIDf2g08fjm0wCmNLGGVYcIo3/jnaYG7KoiJv+92l/7vXg=="],

    "@typescript/native-preview-linux-x64": ["@typescript/native-preview-linux-x64@7.0.0-dev.20260405.1", "", { "os": "linux", "cpu": "x64" }, "sha512-wPehp7o7aCUYTUQlJ8oVLsoycmFDRcU6roIBZZhv7CN7TSkNRP7r9v6+42U6ztaFCjkkh8QVVS7ysQ5bYoCiRg=="],

    "@typescript/native-preview-win32-arm64": ["@typescript/native-preview-win32-arm64@7.0.0-dev.20260405.1", "", { "os": "win32", "cpu": "arm64" }, "sha512-7QZm+1x5p1GO4yNYcp8jqt32ysfd+UwtQ9Zg1nl9Wl9iN/DSNV0HcGR4KHRSUAmHCg4dSq/snLpbEKUvfK0AdQ=="],

    "@typescript/native-preview-win32-x64": ["@typescript/native-preview-win32-x64@7.0.0-dev.20260405.1", "", { "os": "win32", "cpu": "x64" }, "sha512-M9Ypkq8cj2hut16fNljg+UaIKw0+bjLoIf7qoaUJYDUFx7tMcRx79Iy54ETAZl63mT8I8rlJKXZjnOvLUwOFcg=="],

    "bun-types": ["bun-types@1.3.11", "", { "dependencies": { "@types/node": "*" } }, "sha512-1KGPpoxQWl9f6wcZh57LvrPIInQMn2TQ7jsgxqpRzg+l0QPOFvJVH7HmvHo/AiPgwXy+/Thf6Ov3EdVn1vOabg=="],

    "detect-libc": ["detect-libc@2.1.2", "", {}, "sha512-Btj2BOOO83o3WyH59e8MgXsxEQVcarkUOpEYrubB0urwnN10yQ364rsiByU11nZlqWYZm05i/of7io4mzihBtQ=="],

    "dprint": ["dprint@0.53.2", "", { "optionalDependencies": { "@dprint/darwin-arm64": "0.53.2", "@dprint/darwin-x64": "0.53.2", "@dprint/linux-arm64-glibc": "0.53.2", "@dprint/linux-arm64-musl": "0.53.2", "@dprint/linux-loong64-glibc": "0.53.2", "@dprint/linux-loong64-musl": "0.53.2", "@dprint/linux-riscv64-glibc": "0.53.2", "@dprint/linux-x64-glibc": "0.53.2", "@dprint/linux-x64-musl": "0.53.2", "@dprint/win32-arm64": "0.53.2", "@dprint/win32-x64": "0.53.2" }, "bin": { "dprint": "bin.cjs" } }, "sha512-3uF+X66vm3UmDG5tbBKUAyetc/FsBn+2fswfVzFlbrIlE2l0BgwRLEssYqW/o93lYn6A39i3lP2+wHA4B+usDg=="],

    "effect": ["effect@4.0.0-beta.43", "", { "dependencies": { "@standard-schema/spec": "^1.1.0", "fast-check": "^4.5.3", "find-my-way-ts": "^0.1.6", "ini": "^6.0.0", "kubernetes-types": "^1.30.0", "msgpackr": "^1.11.8", "multipasta": "^0.2.7", "toml": "^3.0.0", "uuid": "^13.0.0", "yaml": "^2.8.2" } }, "sha512-AJYyDimIwJOn87uUz/JzmgDc5GfjxJbXvEbTvNzMa+M3Uer344bLo/O5mMRkqc1vBleA+Ygs4+dbE3QsqOkKTQ=="],

    "effect-oxlint": ["effect-oxlint@0.1.0", "", { "dependencies": { "@oxlint/plugins": "^1.57.0" }, "peerDependencies": { "effect": "^4.0.0-beta.43" } }, "sha512-FssXikZRWSUnGfjTxrM61217/NmTrZdZV1IDzQsL1O5OZtoqGuI/xDH06/AhlJn93U3zMYhvfLdOYhx01s6fkg=="],

    "fast-check": ["fast-check@4.6.0", "", { "dependencies": { "pure-rand": "^8.0.0" } }, "sha512-h7H6Dm0Fy+H4ciQYFxFjXnXkzR2kr9Fb22c0UBpHnm59K2zpr2t13aPTHlltFiNT6zuxp6HMPAVVvgur4BLdpA=="],

    "find-my-way-ts": ["find-my-way-ts@0.1.6", "", {}, "sha512-a85L9ZoXtNAey3Y6Z+eBWW658kO/MwR7zIafkIUPUMf3isZG0NCs2pjW2wtjxAKuJPxMAsHUIP4ZPGv0o5gyTA=="],

    "ini": ["ini@6.0.0", "", {}, "sha512-IBTdIkzZNOpqm7q3dRqJvMaldXjDHWkEDfrwGEQTs5eaQMWV+djAhR+wahyNNMAa+qpbDUhBMVt4ZKNwpPm7xQ=="],

    "kubernetes-types": ["kubernetes-types@1.30.0", "", {}, "sha512-Dew1okvhM/SQcIa2rcgujNndZwU8VnSapDgdxlYoB84ZlpAD43U6KLAFqYo17ykSFGHNPrg0qry0bP+GJd9v7Q=="],

    "lefthook": ["lefthook@2.1.4", "", { "optionalDependencies": { "lefthook-darwin-arm64": "2.1.4", "lefthook-darwin-x64": "2.1.4", "lefthook-freebsd-arm64": "2.1.4", "lefthook-freebsd-x64": "2.1.4", "lefthook-linux-arm64": "2.1.4", "lefthook-linux-x64": "2.1.4", "lefthook-openbsd-arm64": "2.1.4", "lefthook-openbsd-x64": "2.1.4", "lefthook-windows-arm64": "2.1.4", "lefthook-windows-x64": "2.1.4" }, "bin": { "lefthook": "bin/index.js" } }, "sha512-JNfJ5gAn0KADvJ1I6/xMcx70+/6TL6U9gqGkKvPw5RNMfatC7jIg0Evl97HN846xmfz959BV70l8r3QsBJk30w=="],

    "lefthook-darwin-arm64": ["lefthook-darwin-arm64@2.1.4", "", { "os": "darwin", "cpu": "arm64" }, "sha512-BUAAE9+rUrjr39a+wH/1zHmGrDdwUQ2Yq/z6BQbM/yUb9qtXBRcQ5eOXxApqWW177VhGBpX31aqIlfAZ5Q7wzw=="],

    "lefthook-darwin-x64": ["lefthook-darwin-x64@2.1.4", "", { "os": "darwin", "cpu": "x64" }, "sha512-K1ncIMEe84fe+ss1hQNO7rIvqiKy2TJvTFpkypvqFodT7mJXZn7GLKYTIXdIuyPAYthRa9DwFnx5uMoHwD2F1Q=="],

    "lefthook-freebsd-arm64": ["lefthook-freebsd-arm64@2.1.4", "", { "os": "freebsd", "cpu": "arm64" }, "sha512-PVUhjOhVN71YaYsVdQyNbFZ4a2jFB2Tg5hKrrn9kaWpx64aLz/XivLjwr8sEuTaP1GRlEWBpW6Bhrcsyo39qFw=="],

    "lefthook-freebsd-x64": ["lefthook-freebsd-x64@2.1.4", "", { "os": "freebsd", "cpu": "x64" }, "sha512-ZWV9o/LeyWNEBoVO+BhLqxH3rGTba05nkm5NvMjEFSj7LbUNUDbQmupZwtHl1OMGJO66eZP0CalzRfUH6GhBxQ=="],

    "lefthook-linux-arm64": ["lefthook-linux-arm64@2.1.4", "", { "os": "linux", "cpu": "arm64" }, "sha512-iWN0pGnTjrIvNIcSI1vQBJXUbybTqJ5CLMniPA0olabMXQfPDrdMKVQe+mgdwHK+E3/Y0H0ZNL3lnOj6Sk6szA=="],

    "lefthook-linux-x64": ["lefthook-linux-x64@2.1.4", "", { "os": "linux", "cpu": "x64" }, "sha512-96bTBE/JdYgqWYAJDh+/e/0MaxJ25XTOAk7iy/fKoZ1ugf6S0W9bEFbnCFNooXOcxNVTan5xWKfcjJmPIKtsJA=="],

    "lefthook-openbsd-arm64": ["lefthook-openbsd-arm64@2.1.4", "", { "os": "openbsd", "cpu": "arm64" }, "sha512-oYUoK6AIJNEr9lUSpIMj6g7sWzotvtc3ryw7yoOyQM6uqmEduw73URV/qGoUcm4nqqmR93ZalZwR2r3Gd61zvw=="],

    "lefthook-openbsd-x64": ["lefthook-openbsd-x64@2.1.4", "", { "os": "openbsd", "cpu": "x64" }, "sha512-i/Dv9Jcm68y9cggr1PhyUhOabBGP9+hzQPoiyOhKks7y9qrJl79A8XfG6LHekSuYc2VpiSu5wdnnrE1cj2nfTg=="],

    "lefthook-windows-arm64": ["lefthook-windows-arm64@2.1.4", "", { "os": "win32", "cpu": "arm64" }, "sha512-hSww7z+QX4YMnw2lK7DMrs3+w7NtxksuMKOkCKGyxUAC/0m1LAICo0ZbtdDtZ7agxRQQQ/SEbzFRhU5ysNcbjA=="],

    "lefthook-windows-x64": ["lefthook-windows-x64@2.1.4", "", { "os": "win32", "cpu": "x64" }, "sha512-eE68LwnogxwcPgGsbVGPGxmghyMGmU9SdGwcc+uhGnUxPz1jL89oECMWJNc36zjVK24umNeDAzB5KA3lw1MuWw=="],

    "msgpackr": ["msgpackr@1.11.9", "", { "optionalDependencies": { "msgpackr-extract": "^3.0.2" } }, "sha512-FkoAAyyA6HM8wL882EcEyFZ9s7hVADSwG9xrVx3dxxNQAtgADTrJoEWivID82Iv1zWDsv/OtbrrcZAzGzOMdNw=="],

    "msgpackr-extract": ["msgpackr-extract@3.0.3", "", { "dependencies": { "node-gyp-build-optional-packages": "5.2.2" }, "optionalDependencies": { "@msgpackr-extract/msgpackr-extract-darwin-arm64": "3.0.3", "@msgpackr-extract/msgpackr-extract-darwin-x64": "3.0.3", "@msgpackr-extract/msgpackr-extract-linux-arm": "3.0.3", "@msgpackr-extract/msgpackr-extract-linux-arm64": "3.0.3", "@msgpackr-extract/msgpackr-extract-linux-x64": "3.0.3", "@msgpackr-extract/msgpackr-extract-win32-x64": "3.0.3" }, "bin": { "download-msgpackr-prebuilds": "bin/download-prebuilds.js" } }, "sha512-P0efT1C9jIdVRefqjzOQ9Xml57zpOXnIuS+csaB4MdZbTdmGDLo8XhzBG1N7aO11gKDDkJvBLULeFTo46wwreA=="],

    "multipasta": ["multipasta@0.2.7", "", {}, "sha512-KPA58d68KgGil15oDqXjkUBEBYc00XvbPj5/X+dyzeo/lWm9Nc25pQRlf1D+gv4OpK7NM0J1odrbu9JNNGvynA=="],

    "node-gyp-build-optional-packages": ["node-gyp-build-optional-packages@5.2.2", "", { "dependencies": { "detect-libc": "^2.0.1" }, "bin": { "node-gyp-build-optional-packages": "bin.js", "node-gyp-build-optional-packages-optional": "optional.js", "node-gyp-build-optional-packages-test": "build-test.js" } }, "sha512-s+w+rBWnpTMwSFbaE0UXsRlg7hU4FjekKU4eyAih5T8nJuNZT1nNsskXpxmeqSK9UzkBl6UgRlnKc8hz8IEqOw=="],

    "oxlint": ["oxlint@1.58.0", "", { "optionalDependencies": { "@oxlint/binding-android-arm-eabi": "1.58.0", "@oxlint/binding-android-arm64": "1.58.0", "@oxlint/binding-darwin-arm64": "1.58.0", "@oxlint/binding-darwin-x64": "1.58.0", "@oxlint/binding-freebsd-x64": "1.58.0", "@oxlint/binding-linux-arm-gnueabihf": "1.58.0", "@oxlint/binding-linux-arm-musleabihf": "1.58.0", "@oxlint/binding-linux-arm64-gnu": "1.58.0", "@oxlint/binding-linux-arm64-musl": "1.58.0", "@oxlint/binding-linux-ppc64-gnu": "1.58.0", "@oxlint/binding-linux-riscv64-gnu": "1.58.0", "@oxlint/binding-linux-riscv64-musl": "1.58.0", "@oxlint/binding-linux-s390x-gnu": "1.58.0", "@oxlint/binding-linux-x64-gnu": "1.58.0", "@oxlint/binding-linux-x64-musl": "1.58.0", "@oxlint/binding-openharmony-arm64": "1.58.0", "@oxlint/binding-win32-arm64-msvc": "1.58.0", "@oxlint/binding-win32-ia32-msvc": "1.58.0", "@oxlint/binding-win32-x64-msvc": "1.58.0" }, "peerDependencies": { "oxlint-tsgolint": ">=0.18.0" }, "optionalPeers": ["oxlint-tsgolint"], "bin": { "oxlint": "bin/oxlint" } }, "sha512-t4s9leczDMqlvOSjnbCQe7gtoLkWgBGZ7sBdCJ9EOj5IXFSG/X7OAzK4yuH4iW+4cAYe8kLFbC8tuYMwWZm+Cg=="],

    "pure-rand": ["pure-rand@8.4.0", "", {}, "sha512-IoM8YF/jY0hiugFo/wOWqfmarlE6J0wc6fDK1PhftMk7MGhVZl88sZimmqBBFomLOCSmcCCpsfj7wXASCpvK9A=="],

    "toml": ["toml@3.0.0", "", {}, "sha512-y/mWCZinnvxjTKYhJ+pYxwD0mRLVvOtdS2Awbgxln6iEnt4rk0yBxeSBHkGJcPucRiG0e55mwWp+g/05rsrd6w=="],

    "typescript": ["typescript@5.9.3", "", { "bin": { "tsc": "bin/tsc", "tsserver": "bin/tsserver" } }, "sha512-jl1vZzPDinLr9eUt3J/t7V6FgNEw9QjvBPdysz9KfQDD41fQrC2Y4vKQdiaUpFT4bXlb1RHhLpp8wtm6M5TgSw=="],

    "undici-types": ["undici-types@7.18.2", "", {}, "sha512-AsuCzffGHJybSaRrmr5eHr81mwJU3kjw6M+uprWvCXiNeN9SOGwQ3Jn8jb8m3Z6izVgknn1R0FTCEAP2QrLY/w=="],

    "uuid": ["uuid@13.0.0", "", { "bin": { "uuid": "dist-node/bin/uuid" } }, "sha512-XQegIaBTVUjSHliKqcnFqYypAd4S+WCYt5NIeRs6w/UAry7z8Y9j5ZwRRL4kzq9U3sD6v+85er9FvkEaBpji2w=="],

    "yaml": ["yaml@2.8.3", "", { "bin": { "yaml": "bin.mjs" } }, "sha512-AvbaCLOO2Otw/lW5bmh9d/WEdcDFdQp2Z2ZUH3pX9U2ihyUY0nvLv7J6TrWowklRGPYbB/IuIMfYgxaCPg5Bpg=="],
  }
}
